github.com/google/uuid v1.6.0 h1:NIvaJDMOsjHA8n1jAhLSgzrAzy1Hgr+hNrb57e+94F0=
github.com/google/uuid v1.6.0/go.mod h1:TIyPZe4MgqvfeYDBFedMoGGpEw/LqOeaOT+nhxU+yHo=
github.com/newmo-oss/gotestingmock v0.1.2 h1:4u0+4juIFH8mGm90BkQ+T4Jl2qKK2qd/Wzry79yVT3U=
github.com/newmo-oss/gotestingmock v0.1.2/go.mod h1:/clfmHccDd3UnwZPrloKKm+w8rNfzenFTLhMzUh4wFI=
